
Microsoft Visual Studio Solution File, Format Version 12.00
# Visual Studio Version 17
VisualStudioVersion = 17.3.32825.248
MinimumVisualStudioVersion = 10.0.40219.1
Project("{9A19103F-16F7-4668-BE54-9A1E7A4F7556}") = "Aeon.Acquisition", "src\Aeon.Acquisition\Aeon.Acquisition.csproj", "{5F8F4AF8-7C4C-436F-A74E-4BE82A4526F6}"
EndProject
Project("{9A19103F-16F7-4668-BE54-9A1E7A4F7556}") = "Aeon.Tests", "src\Aeon.Tests\Aeon.Tests.csproj", "{235C151D-1507-4EDA-8BE9-79FA24EE858E}"
EndProject
Project("{2150E333-8FDC-42A3-9474-1A3956D46DE8}") = "Solution Items", "Solution Items", "{FB666352-C351-407B-9BF6-AA5DDC6C9DD5}"
	ProjectSection(SolutionItems) = preProject
		.editorconfig = .editorconfig
		Directory.Build.props = Directory.Build.props
		NuGet.config = NuGet.config
	EndProjectSection
EndProject
Project("{9A19103F-16F7-4668-BE54-9A1E7A4F7556}") = "Aeon.Database", "src\Aeon.Database\Aeon.Database.csproj", "{D99F92A5-E825-4CDC-A7EB-849E860FB5B7}"
EndProject
Project("{9A19103F-16F7-4668-BE54-9A1E7A4F7556}") = "Aeon.Foraging", "src\Aeon.Foraging\Aeon.Foraging.csproj", "{2C814742-0F6D-40DC-B9B7-C54BDB95EE7F}"
EndProject
Project("{9A19103F-16F7-4668-BE54-9A1E7A4F7556}") = "Aeon.Environment", "src\Aeon.Environment\Aeon.Environment.csproj", "{49FC1C61-791E-41CF-BB7C-C2AC26AFAFE3}"
EndProject
Project("{9A19103F-16F7-4668-BE54-9A1E7A4F7556}") = "Aeon.Video", "src\Aeon.Video\Aeon.Video.csproj", "{1D11793E-85E9-473C-8EF6-F4BD4B249E30}"
EndProject
Project("{9A19103F-16F7-4668-BE54-9A1E7A4F7556}") = "Aeon.Vision", "src\Aeon.Vision\Aeon.Vision.csproj", "{709D0302-5A4F-4F76-8596-41B74DF3B3E9}"
EndProject
Project("{9A19103F-16F7-4668-BE54-9A1E7A4F7556}") = "Aeon.Vision.Sleap", "src\Aeon.Vision.Sleap\Aeon.Vision.Sleap.csproj", "{0D9D431D-EA23-4610-B262-313A48BFE34B}"
EndProject
Project("{2150E333-8FDC-42A3-9474-1A3956D46DE8}") = "build", "build", "{EE2D6E09-6996-49EC-9A7F-4569854BC613}"
	ProjectSection(SolutionItems) = preProject
		build\Version.props = build\Version.props
	EndProjectSection
EndProject
Global
	GlobalSection(SolutionConfigurationPlatforms) = preSolution
		Debug|Any CPU = Debug|Any CPU
		Release|Any CPU = Release|Any CPU
	EndGlobalSection
	GlobalSection(ProjectConfigurationPlatforms) = postSolution
		{5F8F4AF8-7C4C-436F-A74E-4BE82A4526F6}.Debug|Any CPU.ActiveCfg = Debug|Any CPU
		{5F8F4AF8-7C4C-436F-A74E-4BE82A4526F6}.Debug|Any CPU.Build.0 = Debug|Any CPU
		{5F8F4AF8-7C4C-436F-A74E-4BE82A4526F6}.Release|Any CPU.ActiveCfg = Release|Any CPU
		{5F8F4AF8-7C4C-436F-A74E-4BE82A4526F6}.Release|Any CPU.Build.0 = Release|Any CPU
		{235C151D-1507-4EDA-8BE9-79FA24EE858E}.Debug|Any CPU.ActiveCfg = Debug|Any CPU
		{235C151D-1507-4EDA-8BE9-79FA24EE858E}.Debug|Any CPU.Build.0 = Debug|Any CPU
		{235C151D-1507-4EDA-8BE9-79FA24EE858E}.Release|Any CPU.ActiveCfg = Release|Any CPU
		{235C151D-1507-4EDA-8BE9-79FA24EE858E}.Release|Any CPU.Build.0 = Release|Any CPU
		{D99F92A5-E825-4CDC-A7EB-849E860FB5B7}.Debug|Any CPU.ActiveCfg = Debug|Any CPU
		{D99F92A5-E825-4CDC-A7EB-849E860FB5B7}.Debug|Any CPU.Build.0 = Debug|Any CPU
		{D99F92A5-E825-4CDC-A7EB-849E860FB5B7}.Release|Any CPU.ActiveCfg = Release|Any CPU
		{D99F92A5-E825-4CDC-A7EB-849E860FB5B7}.Release|Any CPU.Build.0 = Release|Any CPU
		{2C814742-0F6D-40DC-B9B7-C54BDB95EE7F}.Debug|Any CPU.ActiveCfg = Debug|Any CPU
		{2C814742-0F6D-40DC-B9B7-C54BDB95EE7F}.Debug|Any CPU.Build.0 = Debug|Any CPU
		{2C814742-0F6D-40DC-B9B7-C54BDB95EE7F}.Release|Any CPU.ActiveCfg = Release|Any CPU
		{2C814742-0F6D-40DC-B9B7-C54BDB95EE7F}.Release|Any CPU.Build.0 = Release|Any CPU
		{49FC1C61-791E-41CF-BB7C-C2AC26AFAFE3}.Debug|Any CPU.ActiveCfg = Debug|Any CPU
		{49FC1C61-791E-41CF-BB7C-C2AC26AFAFE3}.Debug|Any CPU.Build.0 = Debug|Any CPU
		{49FC1C61-791E-41CF-BB7C-C2AC26AFAFE3}.Release|Any CPU.ActiveCfg = Release|Any CPU
		{49FC1C61-791E-41CF-BB7C-C2AC26AFAFE3}.Release|Any CPU.Build.0 = Release|Any CPU
		{1D11793E-85E9-473C-8EF6-F4BD4B249E30}.Debug|Any CPU.ActiveCfg = Debug|Any CPU
		{1D11793E-85E9-473C-8EF6-F4BD4B249E30}.Debug|Any CPU.Build.0 = Debug|Any CPU
		{1D11793E-85E9-473C-8EF6-F4BD4B249E30}.Release|Any CPU.ActiveCfg = Release|Any CPU
		{1D11793E-85E9-473C-8EF6-F4BD4B249E30}.Release|Any CPU.Build.0 = Release|Any CPU
		{709D0302-5A4F-4F76-8596-41B74DF3B3E9}.Debug|Any CPU.ActiveCfg = Debug|Any CPU
		{709D0302-5A4F-4F76-8596-41B74DF3B3E9}.Debug|Any CPU.Build.0 = Debug|Any CPU
		{709D0302-5A4F-4F76-8596-41B74DF3B3E9}.Release|Any CPU.ActiveCfg = Release|Any CPU
		{709D0302-5A4F-4F76-8596-41B74DF3B3E9}.Release|Any CPU.Build.0 = Release|Any CPU
		{0D9D431D-EA23-4610-B262-313A48BFE34B}.Debug|Any CPU.ActiveCfg = Debug|Any CPU
		{0D9D431D-EA23-4610-B262-313A48BFE34B}.Debug|Any CPU.Build.0 = Debug|Any CPU
		{0D9D431D-EA23-4610-B262-313A48BFE34B}.Release|Any CPU.ActiveCfg = Release|Any CPU
		{0D9D431D-EA23-4610-B262-313A48BFE34B}.Release|Any CPU.Build.0 = Release|Any CPU
	EndGlobalSection
	GlobalSection(SolutionProperties) = preSolution
		HideSolutionNode = FALSE
	EndGlobalSection
	GlobalSection(ExtensibilityGlobals) = postSolution
		SolutionGuid = {1B04F7D7-0B75-4C80-9496-27D77A3C82CC}
	EndGlobalSection
EndGlobal
