
Microsoft Visual Studio Solution File, Format Version 12.00
# Visual Studio Version 17
VisualStudioVersion = 17.3.32825.248
MinimumVisualStudioVersion = 10.0.40219.1
Project("{9A19103F-16F7-4668-BE54-9A1E7A4F7556}") = "Aeon.Acquisition", "Aeon.Acquisition\Aeon.Acquisition.csproj", "{5F8F4AF8-7C4C-436F-A74E-4BE82A4526F6}"
EndProject
Project("{9A19103F-16F7-4668-BE54-9A1E7A4F7556}") = "Aeon.Acquisition.Tests", "Aeon.Acquisition.Tests\Aeon.Acquisition.Tests.csproj", "{235C151D-1507-4EDA-8BE9-79FA24EE858E}"
EndProject
Project("{2150E333-8FDC-42A3-9474-1A3956D46DE8}") = "Solution Items", "Solution Items", "{FB666352-C351-407B-9BF6-AA5DDC6C9DD5}"
	ProjectSection(SolutionItems) = preProject
		.editorconfig = .editorconfig
		Directory.Build.props = Directory.Build.props
		NuGet.config = NuGet.config
	EndProjectSection
EndProject
Global
	GlobalSection(SolutionConfigurationPlatforms) = preSolution
		Debug|Any CPU = Debug|Any CPU
		Release|Any CPU = Release|Any CPU
	EndGlobalSection
	GlobalSection(ProjectConfigurationPlatforms) = postSolution
		{5F8F4AF8-7C4C-436F-A74E-4BE82A4526F6}.Debug|Any CPU.ActiveCfg = Debug|Any CPU
		{5F8F4AF8-7C4C-436F-A74E-4BE82A4526F6}.Debug|Any CPU.Build.0 = Debug|Any CPU
		{5F8F4AF8-7C4C-436F-A74E-4BE82A4526F6}.Release|Any CPU.ActiveCfg = Release|Any CPU
		{5F8F4AF8-7C4C-436F-A74E-4BE82A4526F6}.Release|Any CPU.Build.0 = Release|Any CPU
		{235C151D-1507-4EDA-8BE9-79FA24EE858E}.Debug|Any CPU.ActiveCfg = Debug|Any CPU
		{235C151D-1507-4EDA-8BE9-79FA24EE858E}.Debug|Any CPU.Build.0 = Debug|Any CPU
		{235C151D-1507-4EDA-8BE9-79FA24EE858E}.Release|Any CPU.ActiveCfg = Release|Any CPU
		{235C151D-1507-4EDA-8BE9-79FA24EE858E}.Release|Any CPU.Build.0 = Release|Any CPU
	EndGlobalSection
	GlobalSection(SolutionProperties) = preSolution
		HideSolutionNode = FALSE
	EndGlobalSection
	GlobalSection(ExtensibilityGlobals) = postSolution
		SolutionGuid = {1B04F7D7-0B75-4C80-9496-27D77A3C82CC}
	EndGlobalSection
EndGlobal
